// !$*UTF8*$!
{
	archiveVersion = 1;
	classes = {
	};
	objectVersion = 46;
	objects = {

/* Begin PBXBuildFile section */
		8B1C2CCC15E10DB200648891 /* AddressBook.framework in Frameworks */ = {isa = PBXBuildFile; fileRef = 8B1C2CCB15E10DB200648891 /* AddressBook.framework */; };
		AC30E7E615EE830D00CB38AC /* AsyncImageView.m in Sources */ = {isa = PBXBuildFile; fileRef = AC30E7E515EE830D00CB38AC /* AsyncImageView.m */; };
		AC30E7EA15EFCCA100CB38AC /* FacebookAlbum.m in Sources */ = {isa = PBXBuildFile; fileRef = AC30E7E915EFCCA100CB38AC /* FacebookAlbum.m */; };
		AC30E7EF15F1240A00CB38AC /* Placeholder.png in Resources */ = {isa = PBXBuildFile; fileRef = AC30E7EE15F1240A00CB38AC /* Placeholder.png */; };
		AC5E904B15E3D6500079F65A /* Model.xcdatamodeld in Sources */ = {isa = PBXBuildFile; fileRef = AC5E904915E3D6500079F65A /* Model.xcdatamodeld */; };
		AC5E905315E3F4E10079F65A /* FavoriteFriends.m in Sources */ = {isa = PBXBuildFile; fileRef = AC5E905215E3F4E10079F65A /* FavoriteFriends.m */; };
		AC5E905915E4D5850079F65A /* CoreData.framework in Frameworks */ = {isa = PBXBuildFile; fileRef = AC5E905815E4D5850079F65A /* CoreData.framework */; };
		ACC06A3615BAEB08009A751D /* UIKit.framework in Frameworks */ = {isa = PBXBuildFile; fileRef = ACC06A3515BAEB08009A751D /* UIKit.framework */; };
		ACC06A3815BAEB08009A751D /* Foundation.framework in Frameworks */ = {isa = PBXBuildFile; fileRef = ACC06A3715BAEB08009A751D /* Foundation.framework */; };
		ACC06A3A15BAEB08009A751D /* CoreGraphics.framework in Frameworks */ = {isa = PBXBuildFile; fileRef = ACC06A3915BAEB08009A751D /* CoreGraphics.framework */; };
		ACC06A4015BAEB08009A751D /* InfoPlist.strings in Resources */ = {isa = PBXBuildFile; fileRef = ACC06A3E15BAEB08009A751D /* InfoPlist.strings */; };
		ACC06A4215BAEB08009A751D /* main.m in Sources */ = {isa = PBXBuildFile; fileRef = ACC06A4115BAEB08009A751D /* main.m */; };
		ACC06A4615BAEB08009A751D /* AppDelegate.m in Sources */ = {isa = PBXBuildFile; fileRef = ACC06A4515BAEB08009A751D /* AppDelegate.m */; };
		ACC06A4915BAEB08009A751D /* MainStoryboard_iPhone.storyboard in Resources */ = {isa = PBXBuildFile; fileRef = ACC06A4715BAEB08009A751D /* MainStoryboard_iPhone.storyboard */; };
		ACC06A4C15BAEB08009A751D /* MainStoryboard_iPad.storyboard in Resources */ = {isa = PBXBuildFile; fileRef = ACC06A4A15BAEB08009A751D /* MainStoryboard_iPad.storyboard */; };
		ACC06A4F15BAEB08009A751D /* FirstViewController.m in Sources */ = {isa = PBXBuildFile; fileRef = ACC06A4E15BAEB08009A751D /* FirstViewController.m */; };
		ACC06A5115BAEB08009A751D /* first.png in Resources */ = {isa = PBXBuildFile; fileRef = ACC06A5015BAEB08009A751D /* first.png */; };
		ACC06A5315BAEB08009A751D /* first@2x.png in Resources */ = {isa = PBXBuildFile; fileRef = ACC06A5215BAEB08009A751D /* first@2x.png */; };
		ACC06A5615BAEB08009A751D /* SecondViewController.m in Sources */ = {isa = PBXBuildFile; fileRef = ACC06A5515BAEB08009A751D /* SecondViewController.m */; };
		ACC06A5815BAEB08009A751D /* second.png in Resources */ = {isa = PBXBuildFile; fileRef = ACC06A5715BAEB08009A751D /* second.png */; };
		ACC06A5A15BAEB08009A751D /* second@2x.png in Resources */ = {isa = PBXBuildFile; fileRef = ACC06A5915BAEB08009A751D /* second@2x.png */; };
		ACC06A6215BAEB08009A751D /* SenTestingKit.framework in Frameworks */ = {isa = PBXBuildFile; fileRef = ACC06A6115BAEB08009A751D /* SenTestingKit.framework */; };
		ACC06A6315BAEB08009A751D /* UIKit.framework in Frameworks */ = {isa = PBXBuildFile; fileRef = ACC06A3515BAEB08009A751D /* UIKit.framework */; };
		ACC06A6415BAEB08009A751D /* Foundation.framework in Frameworks */ = {isa = PBXBuildFile; fileRef = ACC06A3715BAEB08009A751D /* Foundation.framework */; };
		ACC06A6C15BAEB08009A751D /* InfoPlist.strings in Resources */ = {isa = PBXBuildFile; fileRef = ACC06A6A15BAEB08009A751D /* InfoPlist.strings */; };
		ACC06A6F15BAEB09009A751D /* fb_videoTests.m in Sources */ = {isa = PBXBuildFile; fileRef = ACC06A6E15BAEB09009A751D /* fb_videoTests.m */; };
		ACFAFA3D15CD8E68006142B0 /* FacebookSDK.framework in Frameworks */ = {isa = PBXBuildFile; fileRef = ACFAFA3C15CD8E68006142B0 /* FacebookSDK.framework */; };
		ACFAFA4015CD8E9F006142B0 /* FacebookSDKResources.bundle in Resources */ = {isa = PBXBuildFile; fileRef = ACFAFA3F15CD8E9F006142B0 /* FacebookSDKResources.bundle */; };
		ACFAFA4415CE19E5006142B0 /* DefaultViewController.m in Sources */ = {isa = PBXBuildFile; fileRef = ACFAFA4215CE19E4006142B0 /* DefaultViewController.m */; };
/* End PBXBuildFile section */

/* Begin PBXContainerItemProxy section */
		ACC06A6515BAEB08009A751D /* PBXContainerItemProxy */ = {
			isa = PBXContainerItemProxy;
			containerPortal = ACC06A2815BAEB07009A751D /* Project object */;
			proxyType = 1;
			remoteGlobalIDString = ACC06A3015BAEB08009A751D;
			remoteInfo = "fb-video";
		};
/* End PBXContainerItemProxy section */

/* Begin PBXFileReference section */
		8B1C2CCB15E10DB200648891 /* AddressBook.framework */ = {isa = PBXFileReference; lastKnownFileType = wrapper.framework; name = AddressBook.framework; path = System/Library/Frameworks/AddressBook.framework; sourceTree = SDKROOT; };
		AC30E7E415EE830C00CB38AC /* AsyncImageView.h */ = {isa = PBXFileReference; fileEncoding = 4; lastKnownFileType = sourcecode.c.h; path = AsyncImageView.h; sourceTree = "<group>"; };
		AC30E7E515EE830D00CB38AC /* AsyncImageView.m */ = {isa = PBXFileReference; fileEncoding = 4; lastKnownFileType = sourcecode.c.objc; path = AsyncImageView.m; sourceTree = "<group>"; };
		AC30E7E815EFCCA100CB38AC /* FacebookAlbum.h */ = {isa = PBXFileReference; fileEncoding = 4; lastKnownFileType = sourcecode.c.h; name = FacebookAlbum.h; path = "fb-video/FacebookAlbum.h"; sourceTree = "<group>"; };
		AC30E7E915EFCCA100CB38AC /* FacebookAlbum.m */ = {isa = PBXFileReference; fileEncoding = 4; lastKnownFileType = sourcecode.c.objc; name = FacebookAlbum.m; path = "fb-video/FacebookAlbum.m"; sourceTree = "<group>"; };
		AC30E7EE15F1240A00CB38AC /* Placeholder.png */ = {isa = PBXFileReference; lastKnownFileType = image.png; name = Placeholder.png; path = "fb-video/Placeholder.png"; sourceTree = "<group>"; };
		AC5E904A15E3D6500079F65A /* Model.xcdatamodel */ = {isa = PBXFileReference; lastKnownFileType = wrapper.xcdatamodel; path = Model.xcdatamodel; sourceTree = "<group>"; };
		AC5E905115E3F4E10079F65A /* FavoriteFriends.h */ = {isa = PBXFileReference; fileEncoding = 4; lastKnownFileType = sourcecode.c.h; name = FavoriteFriends.h; path = "fb-video/FavoriteFriends.h"; sourceTree = "<group>"; };
		AC5E905215E3F4E10079F65A /* FavoriteFriends.m */ = {isa = PBXFileReference; fileEncoding = 4; lastKnownFileType = sourcecode.c.objc; name = FavoriteFriends.m; path = "fb-video/FavoriteFriends.m"; sourceTree = "<group>"; };
		AC5E905815E4D5850079F65A /* CoreData.framework */ = {isa = PBXFileReference; lastKnownFileType = wrapper.framework; name = CoreData.framework; path = System/Library/Frameworks/CoreData.framework; sourceTree = SDKROOT; };
		ACC06A3115BAEB08009A751D /* fb-video.app */ = {isa = PBXFileReference; explicitFileType = wrapper.application; includeInIndex = 0; path = "fb-video.app"; sourceTree = BUILT_PRODUCTS_DIR; };
		ACC06A3515BAEB08009A751D /* UIKit.framework */ = {isa = PBXFileReference; lastKnownFileType = wrapper.framework; name = UIKit.framework; path = System/Library/Frameworks/UIKit.framework; sourceTree = SDKROOT; };
		ACC06A3715BAEB08009A751D /* Foundation.framework */ = {isa = PBXFileReference; lastKnownFileType = wrapper.framework; name = Foundation.framework; path = System/Library/Frameworks/Foundation.framework; sourceTree = SDKROOT; };
		ACC06A3915BAEB08009A751D /* CoreGraphics.framework */ = {isa = PBXFileReference; lastKnownFileType = wrapper.framework; name = CoreGraphics.framework; path = System/Library/Frameworks/CoreGraphics.framework; sourceTree = SDKROOT; };
		ACC06A3D15BAEB08009A751D /* fb-video-Info.plist */ = {isa = PBXFileReference; lastKnownFileType = text.plist.xml; path = "fb-video-Info.plist"; sourceTree = "<group>"; };
		ACC06A3F15BAEB08009A751D /* en */ = {isa = PBXFileReference; lastKnownFileType = text.plist.strings; name = en; path = en.lproj/InfoPlist.strings; sourceTree = "<group>"; };
		ACC06A4115BAEB08009A751D /* main.m */ = {isa = PBXFileReference; lastKnownFileType = sourcecode.c.objc; path = main.m; sourceTree = "<group>"; };
		ACC06A4315BAEB08009A751D /* fb-video-Prefix.pch */ = {isa = PBXFileReference; lastKnownFileType = sourcecode.c.h; path = "fb-video-Prefix.pch"; sourceTree = "<group>"; };
		ACC06A4415BAEB08009A751D /* AppDelegate.h */ = {isa = PBXFileReference; lastKnownFileType = sourcecode.c.h; path = AppDelegate.h; sourceTree = "<group>"; };
		ACC06A4515BAEB08009A751D /* AppDelegate.m */ = {isa = PBXFileReference; lastKnownFileType = sourcecode.c.objc; path = AppDelegate.m; sourceTree = "<group>"; };
		ACC06A4815BAEB08009A751D /* en */ = {isa = PBXFileReference; lastKnownFileType = file.storyboard; name = en; path = en.lproj/MainStoryboard_iPhone.storyboard; sourceTree = "<group>"; };
		ACC06A4B15BAEB08009A751D /* en */ = {isa = PBXFileReference; lastKnownFileType = file.storyboard; name = en; path = en.lproj/MainStoryboard_iPad.storyboard; sourceTree = "<group>"; };
		ACC06A4D15BAEB08009A751D /* FirstViewController.h */ = {isa = PBXFileReference; lastKnownFileType = sourcecode.c.h; path = FirstViewController.h; sourceTree = "<group>"; };
		ACC06A4E15BAEB08009A751D /* FirstViewController.m */ = {isa = PBXFileReference; lastKnownFileType = sourcecode.c.objc; path = FirstViewController.m; sourceTree = "<group>"; };
		ACC06A5015BAEB08009A751D /* first.png */ = {isa = PBXFileReference; lastKnownFileType = image.png; path = first.png; sourceTree = "<group>"; };
		ACC06A5215BAEB08009A751D /* first@2x.png */ = {isa = PBXFileReference; lastKnownFileType = image.png; path = "first@2x.png"; sourceTree = "<group>"; };
		ACC06A5415BAEB08009A751D /* SecondViewController.h */ = {isa = PBXFileReference; lastKnownFileType = sourcecode.c.h; path = SecondViewController.h; sourceTree = "<group>"; };
		ACC06A5515BAEB08009A751D /* SecondViewController.m */ = {isa = PBXFileReference; lastKnownFileType = sourcecode.c.objc; path = SecondViewController.m; sourceTree = "<group>"; };
		ACC06A5715BAEB08009A751D /* second.png */ = {isa = PBXFileReference; lastKnownFileType = image.png; path = second.png; sourceTree = "<group>"; };
		ACC06A5915BAEB08009A751D /* second@2x.png */ = {isa = PBXFileReference; lastKnownFileType = image.png; path = "second@2x.png"; sourceTree = "<group>"; };
		ACC06A6015BAEB08009A751D /* fb-videoTests.octest */ = {isa = PBXFileReference; explicitFileType = wrapper.cfbundle; includeInIndex = 0; path = "fb-videoTests.octest"; sourceTree = BUILT_PRODUCTS_DIR; };
		ACC06A6115BAEB08009A751D /* SenTestingKit.framework */ = {isa = PBXFileReference; lastKnownFileType = wrapper.framework; name = SenTestingKit.framework; path = Library/Frameworks/SenTestingKit.framework; sourceTree = DEVELOPER_DIR; };
		ACC06A6915BAEB08009A751D /* fb-videoTests-Info.plist */ = {isa = PBXFileReference; lastKnownFileType = text.plist.xml; path = "fb-videoTests-Info.plist"; sourceTree = "<group>"; };
		ACC06A6B15BAEB08009A751D /* en */ = {isa = PBXFileReference; lastKnownFileType = text.plist.strings; name = en; path = en.lproj/InfoPlist.strings; sourceTree = "<group>"; };
		ACC06A6D15BAEB09009A751D /* fb_videoTests.h */ = {isa = PBXFileReference; lastKnownFileType = sourcecode.c.h; path = fb_videoTests.h; sourceTree = "<group>"; };
		ACC06A6E15BAEB09009A751D /* fb_videoTests.m */ = {isa = PBXFileReference; lastKnownFileType = sourcecode.c.objc; path = fb_videoTests.m; sourceTree = "<group>"; };
		ACFAFA3C15CD8E68006142B0 /* FacebookSDK.framework */ = {isa = PBXFileReference; lastKnownFileType = wrapper.framework; name = FacebookSDK.framework; path = ../../FacebookSDK/FacebookSDK.framework; sourceTree = "<group>"; };
		ACFAFA3F15CD8E9F006142B0 /* FacebookSDKResources.bundle */ = {isa = PBXFileReference; lastKnownFileType = "wrapper.plug-in"; name = FacebookSDKResources.bundle; path = ../../FacebookSDK/FacebookSDK.framework/Versions/A/Resources/FacebookSDKResources.bundle; sourceTree = "<group>"; };
		ACFAFA4115CE19E4006142B0 /* DefaultViewController.h */ = {isa = PBXFileReference; fileEncoding = 4; lastKnownFileType = sourcecode.c.h; path = DefaultViewController.h; sourceTree = "<group>"; };
		ACFAFA4215CE19E4006142B0 /* DefaultViewController.m */ = {isa = PBXFileReference; fileEncoding = 4; lastKnownFileType = sourcecode.c.objc; path = DefaultViewController.m; sourceTree = "<group>"; };
/* End PBXFileReference section */

/* Begin PBXFrameworksBuildPhase section */
		ACC06A2E15BAEB08009A751D /* Frameworks */ = {
			isa = PBXFrameworksBuildPhase;
			buildActionMask = 2147483647;
			files = (
				AC5E905915E4D5850079F65A /* CoreData.framework in Frameworks */,
				8B1C2CCC15E10DB200648891 /* AddressBook.framework in Frameworks */,
				ACC06A3615BAEB08009A751D /* UIKit.framework in Frameworks */,
				ACC06A3815BAEB08009A751D /* Foundation.framework in Frameworks */,
				ACC06A3A15BAEB08009A751D /* CoreGraphics.framework in Frameworks */,
				ACFAFA3D15CD8E68006142B0 /* FacebookSDK.framework in Frameworks */,
			);
			runOnlyForDeploymentPostprocessing = 0;
		};
		ACC06A5C15BAEB08009A751D /* Frameworks */ = {
			isa = PBXFrameworksBuildPhase;
			buildActionMask = 2147483647;
			files = (
				ACC06A6215BAEB08009A751D /* SenTestingKit.framework in Frameworks */,
				ACC06A6315BAEB08009A751D /* UIKit.framework in Frameworks */,
				ACC06A6415BAEB08009A751D /* Foundation.framework in Frameworks */,
			);
			runOnlyForDeploymentPostprocessing = 0;
		};
/* End PBXFrameworksBuildPhase section */

/* Begin PBXGroup section */
		ACC06A2615BAEB07009A751D = {
			isa = PBXGroup;
			children = (
				AC30E7EE15F1240A00CB38AC /* Placeholder.png */,
				AC30E7E815EFCCA100CB38AC /* FacebookAlbum.h */,
				AC30E7E915EFCCA100CB38AC /* FacebookAlbum.m */,
				AC5E904915E3D6500079F65A /* Model.xcdatamodeld */,
				AC5E905115E3F4E10079F65A /* FavoriteFriends.h */,
				AC5E905215E3F4E10079F65A /* FavoriteFriends.m */,
				ACC06A3B15BAEB08009A751D /* fb-video */,
				ACC06A6715BAEB08009A751D /* fb-videoTests */,
				ACC06A3415BAEB08009A751D /* Frameworks */,
				ACC06A3215BAEB08009A751D /* Products */,
			);
			sourceTree = "<group>";
		};
		ACC06A3215BAEB08009A751D /* Products */ = {
			isa = PBXGroup;
			children = (
				ACC06A3115BAEB08009A751D /* fb-video.app */,
				ACC06A6015BAEB08009A751D /* fb-videoTests.octest */,
			);
			name = Products;
			sourceTree = "<group>";
		};
		ACC06A3415BAEB08009A751D /* Frameworks */ = {
			isa = PBXGroup;
			children = (
				AC5E905815E4D5850079F65A /* CoreData.framework */,
				8B1C2CCB15E10DB200648891 /* AddressBook.framework */,
				ACFAFA3F15CD8E9F006142B0 /* FacebookSDKResources.bundle */,
				ACFAFA3C15CD8E68006142B0 /* FacebookSDK.framework */,
				ACC06A3515BAEB08009A751D /* UIKit.framework */,
				ACC06A3715BAEB08009A751D /* Foundation.framework */,
				ACC06A3915BAEB08009A751D /* CoreGraphics.framework */,
				ACC06A6115BAEB08009A751D /* SenTestingKit.framework */,
			);
			name = Frameworks;
			sourceTree = "<group>";
		};
		ACC06A3B15BAEB08009A751D /* fb-video */ = {
			isa = PBXGroup;
			children = (
				AC30E7E415EE830C00CB38AC /* AsyncImageView.h */,
				AC30E7E515EE830D00CB38AC /* AsyncImageView.m */,
				ACC06A4415BAEB08009A751D /* AppDelegate.h */,
				ACC06A4515BAEB08009A751D /* AppDelegate.m */,
				ACC06A4715BAEB08009A751D /* MainStoryboard_iPhone.storyboard */,
				ACC06A4A15BAEB08009A751D /* MainStoryboard_iPad.storyboard */,
				ACC06A4D15BAEB08009A751D /* FirstViewController.h */,
				ACC06A4E15BAEB08009A751D /* FirstViewController.m */,
				ACC06A5015BAEB08009A751D /* first.png */,
				ACC06A5215BAEB08009A751D /* first@2x.png */,
				ACC06A5415BAEB08009A751D /* SecondViewController.h */,
				ACC06A5515BAEB08009A751D /* SecondViewController.m */,
				ACC06A5715BAEB08009A751D /* second.png */,
				ACC06A5915BAEB08009A751D /* second@2x.png */,
				ACC06A3C15BAEB08009A751D /* Supporting Files */,
				ACFAFA4115CE19E4006142B0 /* DefaultViewController.h */,
				ACFAFA4215CE19E4006142B0 /* DefaultViewController.m */,
			);
			path = "fb-video";
			sourceTree = "<group>";
		};
		ACC06A3C15BAEB08009A751D /* Supporting Files */ = {
			isa = PBXGroup;
			children = (
				ACC06A3D15BAEB08009A751D /* fb-video-Info.plist */,
				ACC06A3E15BAEB08009A751D /* InfoPlist.strings */,
				ACC06A4115BAEB08009A751D /* main.m */,
				ACC06A4315BAEB08009A751D /* fb-video-Prefix.pch */,
			);
			name = "Supporting Files";
			sourceTree = "<group>";
		};
		ACC06A6715BAEB08009A751D /* fb-videoTests */ = {
			isa = PBXGroup;
			children = (
				ACC06A6D15BAEB09009A751D /* fb_videoTests.h */,
				ACC06A6E15BAEB09009A751D /* fb_videoTests.m */,
				ACC06A6815BAEB08009A751D /* Supporting Files */,
			);
			path = "fb-videoTests";
			sourceTree = "<group>";
		};
		ACC06A6815BAEB08009A751D /* Supporting Files */ = {
			isa = PBXGroup;
			children = (
				ACC06A6915BAEB08009A751D /* fb-videoTests-Info.plist */,
				ACC06A6A15BAEB08009A751D /* InfoPlist.strings */,
			);
			name = "Supporting Files";
			sourceTree = "<group>";
		};
/* End PBXGroup section */

/* Begin PBXNativeTarget section */
		ACC06A3015BAEB08009A751D /* fb-video */ = {
			isa = PBXNativeTarget;
			buildConfigurationList = ACC06A7215BAEB09009A751D /* Build configuration list for PBXNativeTarget "fb-video" */;
			buildPhases = (
				ACC06A2D15BAEB08009A751D /* Sources */,
				ACC06A2E15BAEB08009A751D /* Frameworks */,
				ACC06A2F15BAEB08009A751D /* Resources */,
			);
			buildRules = (
			);
			dependencies = (
			);
			name = "fb-video";
			productName = "fb-video";
			productReference = ACC06A3115BAEB08009A751D /* fb-video.app */;
			productType = "com.apple.product-type.application";
		};
		ACC06A5F15BAEB08009A751D /* fb-videoTests */ = {
			isa = PBXNativeTarget;
			buildConfigurationList = ACC06A7515BAEB09009A751D /* Build configuration list for PBXNativeTarget "fb-videoTests" */;
			buildPhases = (
				ACC06A5B15BAEB08009A751D /* Sources */,
				ACC06A5C15BAEB08009A751D /* Frameworks */,
				ACC06A5D15BAEB08009A751D /* Resources */,
				ACC06A5E15BAEB08009A751D /* ShellScript */,
			);
			buildRules = (
			);
			dependencies = (
				ACC06A6615BAEB08009A751D /* PBXTargetDependency */,
			);
			name = "fb-videoTests";
			productName = "fb-videoTests";
			productReference = ACC06A6015BAEB08009A751D /* fb-videoTests.octest */;
			productType = "com.apple.product-type.bundle";
		};
/* End PBXNativeTarget section */

/* Begin PBXProject section */
		ACC06A2815BAEB07009A751D /* Project object */ = {
			isa = PBXProject;
			attributes = {
				LastUpgradeCheck = 0430;
				ORGANIZATIONNAME = "Chevron Holdings Inc.";
			};
			buildConfigurationList = ACC06A2B15BAEB07009A751D /* Build configuration list for PBXProject "fb-video" */;
			compatibilityVersion = "Xcode 3.2";
			developmentRegion = English;
			hasScannedForEncodings = 0;
			knownRegions = (
				en,
			);
			mainGroup = ACC06A2615BAEB07009A751D;
			productRefGroup = ACC06A3215BAEB08009A751D /* Products */;
			projectDirPath = "";
			projectRoot = "";
			targets = (
				ACC06A3015BAEB08009A751D /* fb-video */,
				ACC06A5F15BAEB08009A751D /* fb-videoTests */,
			);
		};
/* End PBXProject section */

/* Begin PBXResourcesBuildPhase section */
		ACC06A2F15BAEB08009A751D /* Resources */ = {
			isa = PBXResourcesBuildPhase;
			buildActionMask = 2147483647;
			files = (
				ACC06A4015BAEB08009A751D /* InfoPlist.strings in Resources */,
				ACC06A4915BAEB08009A751D /* MainStoryboard_iPhone.storyboard in Resources */,
				ACC06A4C15BAEB08009A751D /* MainStoryboard_iPad.storyboard in Resources */,
				ACC06A5115BAEB08009A751D /* first.png in Resources */,
				ACC06A5315BAEB08009A751D /* first@2x.png in Resources */,
				ACC06A5815BAEB08009A751D /* second.png in Resources */,
				ACC06A5A15BAEB08009A751D /* second@2x.png in Resources */,
				ACFAFA4015CD8E9F006142B0 /* FacebookSDKResources.bundle in Resources */,
				AC30E7EF15F1240A00CB38AC /* Placeholder.png in Resources */,
			);
			runOnlyForDeploymentPostprocessing = 0;
		};
		ACC06A5D15BAEB08009A751D /* Resources */ = {
			isa = PBXResourcesBuildPhase;
			buildActionMask = 2147483647;
			files = (
				ACC06A6C15BAEB08009A751D /* InfoPlist.strings in Resources */,
			);
			runOnlyForDeploymentPostprocessing = 0;
		};
/* End PBXResourcesBuildPhase section */

/* Begin PBXShellScriptBuildPhase section */
		ACC06A5E15BAEB08009A751D /* ShellScript */ = {
			isa = PBXShellScriptBuildPhase;
			buildActionMask = 2147483647;
			files = (
			);
			inputPaths = (
			);
			outputPaths = (
			);
			runOnlyForDeploymentPostprocessing = 0;
			shellPath = /bin/sh;
			shellScript = "# Run the unit tests in this test bundle.\n\"${SYSTEM_DEVELOPER_DIR}/Tools/RunUnitTests\"\n";
		};
/* End PBXShellScriptBuildPhase section */

/* Begin PBXSourcesBuildPhase section */
		ACC06A2D15BAEB08009A751D /* Sources */ = {
			isa = PBXSourcesBuildPhase;
			buildActionMask = 2147483647;
			files = (
				ACC06A4215BAEB08009A751D /* main.m in Sources */,
				ACC06A4615BAEB08009A751D /* AppDelegate.m in Sources */,
				ACC06A4F15BAEB08009A751D /* FirstViewController.m in Sources */,
				ACC06A5615BAEB08009A751D /* SecondViewController.m in Sources */,
				ACFAFA4415CE19E5006142B0 /* DefaultViewController.m in Sources */,
				AC5E904B15E3D6500079F65A /* Model.xcdatamodeld in Sources */,
				AC5E905315E3F4E10079F65A /* FavoriteFriends.m in Sources */,
				AC30E7E615EE830D00CB38AC /* AsyncImageView.m in Sources */,
				AC30E7EA15EFCCA100CB38AC /* FacebookAlbum.m in Sources */,
			);
			runOnlyForDeploymentPostprocessing = 0;
		};
		ACC06A5B15BAEB08009A751D /* Sources */ = {
			isa = PBXSourcesBuildPhase;
			buildActionMask = 2147483647;
			files = (
				ACC06A6F15BAEB09009A751D /* fb_videoTests.m in Sources */,
			);
			runOnlyForDeploymentPostprocessing = 0;
		};
/* End PBXSourcesBuildPhase section */

/* Begin PBXTargetDependency section */
		ACC06A6615BAEB08009A751D /* PBXTargetDependency */ = {
			isa = PBXTargetDependency;
			target = ACC06A3015BAEB08009A751D /* fb-video */;
			targetProxy = ACC06A6515BAEB08009A751D /* PBXContainerItemProxy */;
		};
/* End PBXTargetDependency section */

/* Begin PBXVariantGroup section */
		ACC06A3E15BAEB08009A751D /* InfoPlist.strings */ = {
			isa = PBXVariantGroup;
			children = (
				ACC06A3F15BAEB08009A751D /* en */,
			);
			name = InfoPlist.strings;
			sourceTree = "<group>";
		};
		ACC06A4715BAEB08009A751D /* MainStoryboard_iPhone.storyboard */ = {
			isa = PBXVariantGroup;
			children = (
				ACC06A4815BAEB08009A751D /* en */,
			);
			name = MainStoryboard_iPhone.storyboard;
			sourceTree = "<group>";
		};
		ACC06A4A15BAEB08009A751D /* MainStoryboard_iPad.storyboard */ = {
			isa = PBXVariantGroup;
			children = (
				ACC06A4B15BAEB08009A751D /* en */,
			);
			name = MainStoryboard_iPad.storyboard;
			sourceTree = "<group>";
		};
		ACC06A6A15BAEB08009A751D /* InfoPlist.strings */ = {
			isa = PBXVariantGroup;
			children = (
				ACC06A6B15BAEB08009A751D /* en */,
			);
			name = InfoPlist.strings;
			sourceTree = "<group>";
		};
/* End PBXVariantGroup section */

/* Begin XCBuildConfiguration section */
		ACC06A7015BAEB09009A751D /* Debug */ = {
			isa = XCBuildConfiguration;
			buildSettings = {
				ALWAYS_SEARCH_USER_PATHS = NO;
				ARCHS = "$(ARCHS_STANDARD_32_BIT)";
				CLANG_ENABLE_OBJC_ARC = YES;
				"CODE_SIGN_IDENTITY[sdk=iphoneos*]" = "iPhone Developer";
				COPY_PHASE_STRIP = NO;
				GCC_C_LANGUAGE_STANDARD = gnu99;
				GCC_DYNAMIC_NO_PIC = NO;
				GCC_OPTIMIZATION_LEVEL = 0;
				GCC_PREPROCESSOR_DEFINITIONS = (
					"DEBUG=1",
					"$(inherited)",
				);
				GCC_SYMBOLS_PRIVATE_EXTERN = NO;
				GCC_VERSION = com.apple.compilers.llvm.clang.1_0;
				GCC_WARN_ABOUT_RETURN_TYPE = YES;
				GCC_WARN_UNINITIALIZED_AUTOS = YES;
				GCC_WARN_UNUSED_VARIABLE = YES;
				IPHONEOS_DEPLOYMENT_TARGET = 5.1;
				SDKROOT = iphoneos;
				TARGETED_DEVICE_FAMILY = "1,2";
			};
			name = Debug;
		};
		ACC06A7115BAEB09009A751D /* Release */ = {
			isa = XCBuildConfiguration;
			buildSettings = {
				ALWAYS_SEARCH_USER_PATHS = NO;
				ARCHS = "$(ARCHS_STANDARD_32_BIT)";
				CLANG_ENABLE_OBJC_ARC = YES;
				"CODE_SIGN_IDENTITY[sdk=iphoneos*]" = "iPhone Developer";
				COPY_PHASE_STRIP = YES;
				GCC_C_LANGUAGE_STANDARD = gnu99;
				GCC_VERSION = com.apple.compilers.llvm.clang.1_0;
				GCC_WARN_ABOUT_RETURN_TYPE = YES;
				GCC_WARN_UNINITIALIZED_AUTOS = YES;
				GCC_WARN_UNUSED_VARIABLE = YES;
				IPHONEOS_DEPLOYMENT_TARGET = 5.1;
				OTHER_CFLAGS = "-DNS_BLOCK_ASSERTIONS=1";
				SDKROOT = iphoneos;
				TARGETED_DEVICE_FAMILY = "1,2";
				VALIDATE_PRODUCT = YES;
			};
			name = Release;
		};
		ACC06A7315BAEB09009A751D /* Debug */ = {
			isa = XCBuildConfiguration;
			buildSettings = {
				FRAMEWORK_SEARCH_PATHS = (
					"$(inherited)",
					"\"$(SRCROOT)/../../FacebookSDK\"",
				);
				GCC_PRECOMPILE_PREFIX_HEADER = YES;
				GCC_PREFIX_HEADER = "fb-video/fb-video-Prefix.pch";
				INFOPLIST_FILE = "fb-video/fb-video-Info.plist";
				"OTHER_LDFLAGS[arch=*]" = "-lsqlite3.0";
				PRODUCT_NAME = "$(TARGET_NAME)";
				WRAPPER_EXTENSION = app;
			};
			name = Debug;
		};
		ACC06A7415BAEB09009A751D /* Release */ = {
			isa = XCBuildConfiguration;
			buildSettings = {
				FRAMEWORK_SEARCH_PATHS = (
					"$(inherited)",
					"\"$(SRCROOT)/../../FacebookSDK\"",
				);
				GCC_PRECOMPILE_PREFIX_HEADER = YES;
				GCC_PREFIX_HEADER = "fb-video/fb-video-Prefix.pch";
				INFOPLIST_FILE = "fb-video/fb-video-Info.plist";
				"OTHER_LDFLAGS[arch=*]" = "-lsqlite3.0";
				PRODUCT_NAME = "$(TARGET_NAME)";
				WRAPPER_EXTENSION = app;
			};
			name = Release;
		};
		ACC06A7615BAEB09009A751D /* Debug */ = {
			isa = XCBuildConfiguration;
			buildSettings = {
				BUNDLE_LOADER = "$(BUILT_PRODUCTS_DIR)/fb-video.app/fb-video";
				FRAMEWORK_SEARCH_PATHS = (
					"$(SDKROOT)/Developer/Library/Frameworks",
					"$(DEVELOPER_LIBRARY_DIR)/Frameworks",
				);
				GCC_PRECOMPILE_PREFIX_HEADER = YES;
				GCC_PREFIX_HEADER = "fb-video/fb-video-Prefix.pch";
				INFOPLIST_FILE = "fb-videoTests/fb-videoTests-Info.plist";
				PRODUCT_NAME = "$(TARGET_NAME)";
				TEST_HOST = "$(BUNDLE_LOADER)";
				WRAPPER_EXTENSION = octest;
			};
			name = Debug;
		};
		ACC06A7715BAEB09009A751D /* Release */ = {
			isa = XCBuildConfiguration;
			buildSettings = {
				BUNDLE_LOADER = "$(BUILT_PRODUCTS_DIR)/fb-video.app/fb-video";
				FRAMEWORK_SEARCH_PATHS = (
					"$(SDKROOT)/Developer/Library/Frameworks",
					"$(DEVELOPER_LIBRARY_DIR)/Frameworks",
				);
				GCC_PRECOMPILE_PREFIX_HEADER = YES;
				GCC_PREFIX_HEADER = "fb-video/fb-video-Prefix.pch";
				INFOPLIST_FILE = "fb-videoTests/fb-videoTests-Info.plist";
				PRODUCT_NAME = "$(TARGET_NAME)";
				TEST_HOST = "$(BUNDLE_LOADER)";
				WRAPPER_EXTENSION = octest;
			};
			name = Release;
		};
/* End XCBuildConfiguration section */

/* Begin XCConfigurationList section */
		ACC06A2B15BAEB07009A751D /* Build configuration list for PBXProject "fb-video" */ = {
			isa = XCConfigurationList;
			buildConfigurations = (
				ACC06A7015BAEB09009A751D /* Debug */,
				ACC06A7115BAEB09009A751D /* Release */,
			);
			defaultConfigurationIsVisible = 0;
			defaultConfigurationName = Release;
		};
		ACC06A7215BAEB09009A751D /* Build configuration list for PBXNativeTarget "fb-video" */ = {
			isa = XCConfigurationList;
			buildConfigurations = (
				ACC06A7315BAEB09009A751D /* Debug */,
				ACC06A7415BAEB09009A751D /* Release */,
			);
			defaultConfigurationIsVisible = 0;
			defaultConfigurationName = Release;
		};
		ACC06A7515BAEB09009A751D /* Build configuration list for PBXNativeTarget "fb-videoTests" */ = {
			isa = XCConfigurationList;
			buildConfigurations = (
				ACC06A7615BAEB09009A751D /* Debug */,
				ACC06A7715BAEB09009A751D /* Release */,
			);
			defaultConfigurationIsVisible = 0;
			defaultConfigurationName = Release;
		};
/* End XCConfigurationList section */

/* Begin XCVersionGroup section */
		AC5E904915E3D6500079F65A /* Model.xcdatamodeld */ = {
			isa = XCVersionGroup;
			children = (
				AC5E904A15E3D6500079F65A /* Model.xcdatamodel */,
			);
			currentVersion = AC5E904A15E3D6500079F65A /* Model.xcdatamodel */;
			path = Model.xcdatamodeld;
			sourceTree = "<group>";
			versionGroupType = wrapper.xcdatamodel;
		};
/* End XCVersionGroup section */
	};
	rootObject = ACC06A2815BAEB07009A751D /* Project object */;
}
